
Microsoft Visual Studio Solution File, Format Version 11.00
# Visual Studio 2010
# SharpDevelop 4.4
Project("{FAE04EC0-301F-11D3-BF4B-00C04F79EFBC}") = "tp5", "tp5\tp5.csproj", "{3239B22C-1361-461D-BE30-49B9919FEDF7}"
EndProject
Global
	GlobalSection(SolutionConfigurationPlatforms) = preSolution
		Debug|Any CPU = Debug|Any CPU
		Release|Any CPU = Release|Any CPU
	EndGlobalSection
	GlobalSection(ProjectConfigurationPlatforms) = postSolution
		{3239B22C-1361-461D-BE30-49B9919FEDF7}.Debug|Any CPU.Build.0 = Debug|Any CPU
		{3239B22C-1361-461D-BE30-49B9919FEDF7}.Debug|Any CPU.ActiveCfg = Debug|Any CPU
		{3239B22C-1361-461D-BE30-49B9919FEDF7}.Release|Any CPU.Build.0 = Release|Any CPU
		{3239B22C-1361-461D-BE30-49B9919FEDF7}.Release|Any CPU.ActiveCfg = Release|Any CPU
	EndGlobalSection
EndGlobal
